// !$*UTF8*$!
{
	archiveVersion = 1;
	classes = {
	};
	objectVersion = 56;
	objects = {

/* Begin PBXBuildFile section */
		C834949829960E2A0089F343 /* AppDelegate.swift in Sources */ = {isa = PBXBuildFile; fileRef = C834949729960E2A0089F343 /* AppDelegate.swift */; };
		C834949A29960E2A0089F343 /* SceneDelegate.swift in Sources */ = {isa = PBXBuildFile; fileRef = C834949929960E2A0089F343 /* SceneDelegate.swift */; };
		C834949F29960E2A0089F343 /* Main.storyboard in Resources */ = {isa = PBXBuildFile; fileRef = C834949D29960E2A0089F343 /* Main.storyboard */; };
		C83494A129960E2D0089F343 /* Assets.xcassets in Resources */ = {isa = PBXBuildFile; fileRef = C83494A029960E2D0089F343 /* Assets.xcassets */; };
		C83494A429960E2D0089F343 /* LaunchScreen.storyboard in Resources */ = {isa = PBXBuildFile; fileRef = C83494A229960E2D0089F343 /* LaunchScreen.storyboard */; };
		C83494D4299612D50089F343 /* Acronym.swift in Sources */ = {isa = PBXBuildFile; fileRef = C83494D3299612D50089F343 /* Acronym.swift */; };
		C83494D62996143C0089F343 /* AcronymViewModel.swift in Sources */ = {isa = PBXBuildFile; fileRef = C83494D52996143C0089F343 /* AcronymViewModel.swift */; };
		C83494D82996144D0089F343 /* AcronymViewController.swift in Sources */ = {isa = PBXBuildFile; fileRef = C83494D72996144D0089F343 /* AcronymViewController.swift */; };
		C83494DC299616860089F343 /* NetworkManager.swift in Sources */ = {isa = PBXBuildFile; fileRef = C83494DB299616860089F343 /* NetworkManager.swift */; };
		C83494DE299654210089F343 /* AcronymViewModelTest.swift in Sources */ = {isa = PBXBuildFile; fileRef = C83494DD299654210089F343 /* AcronymViewModelTest.swift */; };
		C83494DF299654C10089F343 /* AcronymViewModel.swift in Sources */ = {isa = PBXBuildFile; fileRef = C83494D52996143C0089F343 /* AcronymViewModel.swift */; };
		C83494E0299655160089F343 /* Acronym.swift in Sources */ = {isa = PBXBuildFile; fileRef = C83494D3299612D50089F343 /* Acronym.swift */; };
		C83494E1299658D30089F343 /* NetworkManager.swift in Sources */ = {isa = PBXBuildFile; fileRef = C83494DB299616860089F343 /* NetworkManager.swift */; };
/* End PBXBuildFile section */

/* Begin PBXContainerItemProxy section */
		C83494AB29960E2E0089F343 /* PBXContainerItemProxy */ = {
			isa = PBXContainerItemProxy;
			containerPortal = C834948C29960E2A0089F343 /* Project object */;
			proxyType = 1;
			remoteGlobalIDString = C834949329960E2A0089F343;
			remoteInfo = AcronymsApp;
		};
/* End PBXContainerItemProxy section */

/* Begin PBXFileReference section */
		C834949429960E2A0089F343 /* AcronymsApp.app */ = {isa = PBXFileReference; explicitFileType = wrapper.application; includeInIndex = 0; path = AcronymsApp.app; sourceTree = BUILT_PRODUCTS_DIR; };
		C834949729960E2A0089F343 /* AppDelegate.swift */ = {isa = PBXFileReference; lastKnownFileType = sourcecode.swift; path = AppDelegate.swift; sourceTree = "<group>"; };
		C834949929960E2A0089F343 /* SceneDelegate.swift */ = {isa = PBXFileReference; lastKnownFileType = sourcecode.swift; path = SceneDelegate.swift; sourceTree = "<group>"; };
		C834949E29960E2A0089F343 /* Base */ = {isa = PBXFileReference; lastKnownFileType = file.storyboard; name = Base; path = Base.lproj/Main.storyboard; sourceTree = "<group>"; };
		C83494A029960E2D0089F343 /* Assets.xcassets */ = {isa = PBXFileReference; lastKnownFileType = folder.assetcatalog; path = Assets.xcassets; sourceTree = "<group>"; };
		C83494A329960E2D0089F343 /* Base */ = {isa = PBXFileReference; lastKnownFileType = file.storyboard; name = Base; path = Base.lproj/LaunchScreen.storyboard; sourceTree = "<group>"; };
		C83494A529960E2D0089F343 /* Info.plist */ = {isa = PBXFileReference; lastKnownFileType = text.plist.xml; path = Info.plist; sourceTree = "<group>"; };
		C83494AA29960E2E0089F343 /* AcronymsAppTests.xctest */ = {isa = PBXFileReference; explicitFileType = wrapper.cfbundle; includeInIndex = 0; path = AcronymsAppTests.xctest; sourceTree = BUILT_PRODUCTS_DIR; };
		C83494D3299612D50089F343 /* Acronym.swift */ = {isa = PBXFileReference; lastKnownFileType = sourcecode.swift; path = Acronym.swift; sourceTree = "<group>"; };
		C83494D52996143C0089F343 /* AcronymViewModel.swift */ = {isa = PBXFileReference; lastKnownFileType = sourcecode.swift; path = AcronymViewModel.swift; sourceTree = "<group>"; };
		C83494D72996144D0089F343 /* AcronymViewController.swift */ = {isa = PBXFileReference; lastKnownFileType = sourcecode.swift; path = AcronymViewController.swift; sourceTree = "<group>"; };
		C83494DB299616860089F343 /* NetworkManager.swift */ = {isa = PBXFileReference; lastKnownFileType = sourcecode.swift; path = NetworkManager.swift; sourceTree = "<group>"; };
		C83494DD299654210089F343 /* AcronymViewModelTest.swift */ = {isa = PBXFileReference; lastKnownFileType = sourcecode.swift; path = AcronymViewModelTest.swift; sourceTree = "<group>"; };
/* End PBXFileReference section */

/* Begin PBXFrameworksBuildPhase section */
		C834949129960E2A0089F343 /* Frameworks */ = {
			isa = PBXFrameworksBuildPhase;
			buildActionMask = 2147483647;
			files = (
			);
			runOnlyForDeploymentPostprocessing = 0;
		};
		C83494A729960E2E0089F343 /* Frameworks */ = {
			isa = PBXFrameworksBuildPhase;
			buildActionMask = 2147483647;
			files = (
			);
			runOnlyForDeploymentPostprocessing = 0;
		};
/* End PBXFrameworksBuildPhase section */

/* Begin PBXGroup section */
		C834948B29960E2A0089F343 = {
			isa = PBXGroup;
			children = (
				C834949629960E2A0089F343 /* AcronymsApp */,
				C83494AD29960E2E0089F343 /* AcronymsAppTests */,
				C834949529960E2A0089F343 /* Products */,
			);
			sourceTree = "<group>";
		};
		C834949529960E2A0089F343 /* Products */ = {
			isa = PBXGroup;
			children = (
				C834949429960E2A0089F343 /* AcronymsApp.app */,
				C83494AA29960E2E0089F343 /* AcronymsAppTests.xctest */,
			);
			name = Products;
			sourceTree = "<group>";
		};
		C834949629960E2A0089F343 /* AcronymsApp */ = {
			isa = PBXGroup;
			children = (
				C83494C829960E4B0089F343 /* AppDelegate */,
				C83494DA299615E50089F343 /* NetworkManager */,
				C83494C729960E3D0089F343 /* ProjectFiles */,
				C83494C929960E5B0089F343 /* Resources */,
				C83494A229960E2D0089F343 /* LaunchScreen.storyboard */,
				C83494A529960E2D0089F343 /* Info.plist */,
			);
			path = AcronymsApp;
			sourceTree = "<group>";
		};
		C83494AD29960E2E0089F343 /* AcronymsAppTests */ = {
			isa = PBXGroup;
			children = (
				C83494DD299654210089F343 /* AcronymViewModelTest.swift */,
			);
			path = AcronymsAppTests;
			sourceTree = "<group>";
		};
		C83494C729960E3D0089F343 /* ProjectFiles */ = {
			isa = PBXGroup;
			children = (
				C83494CA29960E760089F343 /* AcronymsModule */,
			);
			path = ProjectFiles;
			sourceTree = "<group>";
		};
		C83494C829960E4B0089F343 /* AppDelegate */ = {
			isa = PBXGroup;
			children = (
				C834949729960E2A0089F343 /* AppDelegate.swift */,
				C834949929960E2A0089F343 /* SceneDelegate.swift */,
			);
			path = AppDelegate;
			sourceTree = "<group>";
		};
		C83494C929960E5B0089F343 /* Resources */ = {
			isa = PBXGroup;
			children = (
				C83494A029960E2D0089F343 /* Assets.xcassets */,
			);
			path = Resources;
			sourceTree = "<group>";
		};
		C83494CA29960E760089F343 /* AcronymsModule */ = {
			isa = PBXGroup;
			children = (
				C83494CE29960EB30089F343 /* View */,
				C83494CD29960EAD0089F343 /* ViewModel */,
				C83494CB29960E910089F343 /* Model */,
				C83494CC29960E950089F343 /* Resources */,
			);
			path = AcronymsModule;
			sourceTree = "<group>";
		};
		C83494CB29960E910089F343 /* Model */ = {
			isa = PBXGroup;
			children = (
				C83494D3299612D50089F343 /* Acronym.swift */,
			);
			path = Model;
			sourceTree = "<group>";
		};
		C83494CC29960E950089F343 /* Resources */ = {
			isa = PBXGroup;
			children = (
				C834949D29960E2A0089F343 /* Main.storyboard */,
			);
			path = Resources;
			sourceTree = "<group>";
		};
		C83494CD29960EAD0089F343 /* ViewModel */ = {
			isa = PBXGroup;
			children = (
				C83494D52996143C0089F343 /* AcronymViewModel.swift */,
			);
			path = ViewModel;
			sourceTree = "<group>";
		};
		C83494CE29960EB30089F343 /* View */ = {
			isa = PBXGroup;
			children = (
				C83494D72996144D0089F343 /* AcronymViewController.swift */,
			);
			path = View;
			sourceTree = "<group>";
		};
		C83494DA299615E50089F343 /* NetworkManager */ = {
			isa = PBXGroup;
			children = (
				C83494DB299616860089F343 /* NetworkManager.swift */,
			);
			path = NetworkManager;
			sourceTree = "<group>";
		};
/* End PBXGroup section */

/* Begin PBXNativeTarget section */
		C834949329960E2A0089F343 /* AcronymsApp */ = {
			isa = PBXNativeTarget;
			buildConfigurationList = C83494BE29960E2E0089F343 /* Build configuration list for PBXNativeTarget "AcronymsApp" */;
			buildPhases = (
				C834949029960E2A0089F343 /* Sources */,
				C834949129960E2A0089F343 /* Frameworks */,
				C834949229960E2A0089F343 /* Resources */,
			);
			buildRules = (
			);
			dependencies = (
			);
			name = AcronymsApp;
			productName = AcronymsApp;
			productReference = C834949429960E2A0089F343 /* AcronymsApp.app */;
			productType = "com.apple.product-type.application";
		};
		C83494A929960E2E0089F343 /* AcronymsAppTests */ = {
			isa = PBXNativeTarget;
			buildConfigurationList = C83494C129960E2E0089F343 /* Build configuration list for PBXNativeTarget "AcronymsAppTests" */;
			buildPhases = (
				C83494A629960E2E0089F343 /* Sources */,
				C83494A729960E2E0089F343 /* Frameworks */,
				C83494A829960E2E0089F343 /* Resources */,
			);
			buildRules = (
			);
			dependencies = (
				C83494AC29960E2E0089F343 /* PBXTargetDependency */,
			);
			name = AcronymsAppTests;
			productName = AcronymsAppTests;
			productReference = C83494AA29960E2E0089F343 /* AcronymsAppTests.xctest */;
			productType = "com.apple.product-type.bundle.unit-test";
		};
/* End PBXNativeTarget section */

/* Begin PBXProject section */
		C834948C29960E2A0089F343 /* Project object */ = {
			isa = PBXProject;
			attributes = {
				BuildIndependentTargetsInParallel = 1;
				LastSwiftUpdateCheck = 1400;
				LastUpgradeCheck = 1400;
				TargetAttributes = {
					C834949329960E2A0089F343 = {
						CreatedOnToolsVersion = 14.0;
					};
					C83494A929960E2E0089F343 = {
						CreatedOnToolsVersion = 14.0;
						TestTargetID = C834949329960E2A0089F343;
					};
				};
			};
			buildConfigurationList = C834948F29960E2A0089F343 /* Build configuration list for PBXProject "AcronymsApp" */;
			compatibilityVersion = "Xcode 14.0";
			developmentRegion = en;
			hasScannedForEncodings = 0;
			knownRegions = (
				en,
				Base,
			);
			mainGroup = C834948B29960E2A0089F343;
			productRefGroup = C834949529960E2A0089F343 /* Products */;
			projectDirPath = "";
			projectRoot = "";
			targets = (
				C834949329960E2A0089F343 /* AcronymsApp */,
				C83494A929960E2E0089F343 /* AcronymsAppTests */,
			);
		};
/* End PBXProject section */

/* Begin PBXResourcesBuildPhase section */
		C834949229960E2A0089F343 /* Resources */ = {
			isa = PBXResourcesBuildPhase;
			buildActionMask = 2147483647;
			files = (
				C83494A429960E2D0089F343 /* LaunchScreen.storyboard in Resources */,
				C83494A129960E2D0089F343 /* Assets.xcassets in Resources */,
				C834949F29960E2A0089F343 /* Main.storyboard in Resources */,
			);
			runOnlyForDeploymentPostprocessing = 0;
		};
		C83494A829960E2E0089F343 /* Resources */ = {
			isa = PBXResourcesBuildPhase;
			buildActionMask = 2147483647;
			files = (
			);
			runOnlyForDeploymentPostprocessing = 0;
		};
/* End PBXResourcesBuildPhase section */

/* Begin PBXSourcesBuildPhase section */
		C834949029960E2A0089F343 /* Sources */ = {
			isa = PBXSourcesBuildPhase;
			buildActionMask = 2147483647;
			files = (
				C83494DC299616860089F343 /* NetworkManager.swift in Sources */,
				C834949829960E2A0089F343 /* AppDelegate.swift in Sources */,
				C83494D4299612D50089F343 /* Acronym.swift in Sources */,
				C83494D62996143C0089F343 /* AcronymViewModel.swift in Sources */,
				C834949A29960E2A0089F343 /* SceneDelegate.swift in Sources */,
				C83494D82996144D0089F343 /* AcronymViewController.swift in Sources */,
			);
			runOnlyForDeploymentPostprocessing = 0;
		};
		C83494A629960E2E0089F343 /* Sources */ = {
			isa = PBXSourcesBuildPhase;
			buildActionMask = 2147483647;
			files = (
				C83494E1299658D30089F343 /* NetworkManager.swift in Sources */,
				C83494DF299654C10089F343 /* AcronymViewModel.swift in Sources */,
				C83494E0299655160089F343 /* Acronym.swift in Sources */,
				C83494DE299654210089F343 /* AcronymViewModelTest.swift in Sources */,
			);
			runOnlyForDeploymentPostprocessing = 0;
		};
/* End PBXSourcesBuildPhase section */

/* Begin PBXTargetDependency section */
		C83494AC29960E2E0089F343 /* PBXTargetDependency */ = {
			isa = PBXTargetDependency;
			target = C834949329960E2A0089F343 /* AcronymsApp */;
			targetProxy = C83494AB29960E2E0089F343 /* PBXContainerItemProxy */;
		};
/* End PBXTargetDependency section */

/* Begin PBXVariantGroup section */
		C834949D29960E2A0089F343 /* Main.storyboard */ = {
			isa = PBXVariantGroup;
			children = (
				C834949E29960E2A0089F343 /* Base */,
			);
			name = Main.storyboard;
			sourceTree = "<group>";
		};
		C83494A229960E2D0089F343 /* LaunchScreen.storyboard */ = {
			isa = PBXVariantGroup;
			children = (
				C83494A329960E2D0089F343 /* Base */,
			);
			name = LaunchScreen.storyboard;
			sourceTree = "<group>";
		};
/* End PBXVariantGroup section */

/* Begin XCBuildConfiguration section */
		C83494BC29960E2E0089F343 /* Debug */ = {
			isa = XCBuildConfiguration;
			buildSettings = {
				ALWAYS_SEARCH_USER_PATHS = NO;
				CLANG_ANALYZER_NONNULL = YES;
				CLANG_ANALYZER_NUMBER_OBJECT_CONVERSION = YES_AGGRESSIVE;
				CLANG_CXX_LANGUAGE_STANDARD = "gnu++20";
				CLANG_ENABLE_MODULES = YES;
				CLANG_ENABLE_OBJC_ARC = YES;
				CLANG_ENABLE_OBJC_WEAK = YES;
				CLANG_WARN_BLOCK_CAPTURE_AUTORELEASING = YES;
				CLANG_WARN_BOOL_CONVERSION = YES;
				CLANG_WARN_COMMA = YES;
				CLANG_WARN_CONSTANT_CONVERSION = YES;
				CLANG_WARN_DEPRECATED_OBJC_IMPLEMENTATIONS = YES;
				CLANG_WARN_DIRECT_OBJC_ISA_USAGE = YES_ERROR;
				CLANG_WARN_DOCUMENTATION_COMMENTS = YES;
				CLANG_WARN_EMPTY_BODY = YES;
				CLANG_WARN_ENUM_CONVERSION = YES;
				CLANG_WARN_INFINITE_RECURSION = YES;
				CLANG_WARN_INT_CONVERSION = YES;
				CLANG_WARN_NON_LITERAL_NULL_CONVERSION = YES;
				CLANG_WARN_OBJC_IMPLICIT_RETAIN_SELF = YES;
				CLANG_WARN_OBJC_LITERAL_CONVERSION = YES;
				CLANG_WARN_OBJC_ROOT_CLASS = YES_ERROR;
				CLANG_WARN_QUOTED_INCLUDE_IN_FRAMEWORK_HEADER = YES;
				CLANG_WARN_RANGE_LOOP_ANALYSIS = YES;
				CLANG_WARN_STRICT_PROTOTYPES = YES;
				CLANG_WARN_SUSPICIOUS_MOVE = YES;
				CLANG_WARN_UNGUARDED_AVAILABILITY = YES_AGGRESSIVE;
				CLANG_WARN_UNREACHABLE_CODE = YES;
				CLANG_WARN__DUPLICATE_METHOD_MATCH = YES;
				COPY_PHASE_STRIP = NO;
				DEBUG_INFORMATION_FORMAT = dwarf;
				ENABLE_STRICT_OBJC_MSGSEND = YES;
				ENABLE_TESTABILITY = YES;
				GCC_C_LANGUAGE_STANDARD = gnu11;
				GCC_DYNAMIC_NO_PIC = NO;
				GCC_NO_COMMON_BLOCKS = YES;
				GCC_OPTIMIZATION_LEVEL = 0;
				GCC_PREPROCESSOR_DEFINITIONS = (
					"DEBUG=1",
					"$(inherited)",
				);
				GCC_WARN_64_TO_32_BIT_CONVERSION = YES;
				GCC_WARN_ABOUT_RETURN_TYPE = YES_ERROR;
				GCC_WARN_UNDECLARED_SELECTOR = YES;
				GCC_WARN_UNINITIALIZED_AUTOS = YES_AGGRESSIVE;
				GCC_WARN_UNUSED_FUNCTION = YES;
				GCC_WARN_UNUSED_VARIABLE = YES;
				IPHONEOS_DEPLOYMENT_TARGET = 13.0;
				MTL_ENABLE_DEBUG_INFO = INCLUDE_SOURCE;
				MTL_FAST_MATH = YES;
				ONLY_ACTIVE_ARCH = YES;
				SDKROOT = iphoneos;
				SWIFT_ACTIVE_COMPILATION_CONDITIONS = DEBUG;
				SWIFT_OPTIMIZATION_LEVEL = "-Onone";
			};
			name = Debug;
		};
		C83494BD29960E2E0089F343 /* Release */ = {
			isa = XCBuildConfiguration;
			buildSettings = {
				ALWAYS_SEARCH_USER_PATHS = NO;
				CLANG_ANALYZER_NONNULL = YES;
				CLANG_ANALYZER_NUMBER_OBJECT_CONVERSION = YES_AGGRESSIVE;
				CLANG_CXX_LANGUAGE_STANDARD = "gnu++20";
				CLANG_ENABLE_MODULES = YES;
				CLANG_ENABLE_OBJC_ARC = YES;
				CLANG_ENABLE_OBJC_WEAK = YES;
				CLANG_WARN_BLOCK_CAPTURE_AUTORELEASING = YES;
				CLANG_WARN_BOOL_CONVERSION = YES;
				CLANG_WARN_COMMA = YES;
				CLANG_WARN_CONSTANT_CONVERSION = YES;
				CLANG_WARN_DEPRECATED_OBJC_IMPLEMENTATIONS = YES;
				CLANG_WARN_DIRECT_OBJC_ISA_USAGE = YES_ERROR;
				CLANG_WARN_DOCUMENTATION_COMMENTS = YES;
				CLANG_WARN_EMPTY_BODY = YES;
				CLANG_WARN_ENUM_CONVERSION = YES;
				CLANG_WARN_INFINITE_RECURSION = YES;
				CLANG_WARN_INT_CONVERSION = YES;
				CLANG_WARN_NON_LITERAL_NULL_CONVERSION = YES;
				CLANG_WARN_OBJC_IMPLICIT_RETAIN_SELF = YES;
				CLANG_WARN_OBJC_LITERAL_CONVERSION = YES;
				CLANG_WARN_OBJC_ROOT_CLASS = YES_ERROR;
				CLANG_WARN_QUOTED_INCLUDE_IN_FRAMEWORK_HEADER = YES;
				CLANG_WARN_RANGE_LOOP_ANALYSIS = YES;
				CLANG_WARN_STRICT_PROTOTYPES = YES;
				CLANG_WARN_SUSPICIOUS_MOVE = YES;
				CLANG_WARN_UNGUARDED_AVAILABILITY = YES_AGGRESSIVE;
				CLANG_WARN_UNREACHABLE_CODE = YES;
				CLANG_WARN__DUPLICATE_METHOD_MATCH = YES;
				COPY_PHASE_STRIP = NO;
				DEBUG_INFORMATION_FORMAT = "dwarf-with-dsym";
				ENABLE_NS_ASSERTIONS = NO;
				ENABLE_STRICT_OBJC_MSGSEND = YES;
				GCC_C_LANGUAGE_STANDARD = gnu11;
				GCC_NO_COMMON_BLOCKS = YES;
				GCC_WARN_64_TO_32_BIT_CONVERSION = YES;
				GCC_WARN_ABOUT_RETURN_TYPE = YES_ERROR;
				GCC_WARN_UNDECLARED_SELECTOR = YES;
				GCC_WARN_UNINITIALIZED_AUTOS = YES_AGGRESSIVE;
				GCC_WARN_UNUSED_FUNCTION = YES;
				GCC_WARN_UNUSED_VARIABLE = YES;
				IPHONEOS_DEPLOYMENT_TARGET = 13.0;
				MTL_ENABLE_DEBUG_INFO = NO;
				MTL_FAST_MATH = YES;
				SDKROOT = iphoneos;
				SWIFT_COMPILATION_MODE = wholemodule;
				SWIFT_OPTIMIZATION_LEVEL = "-O";
				VALIDATE_PRODUCT = YES;
			};
			name = Release;
		};
		C83494BF29960E2E0089F343 /* Debug */ = {
			isa = XCBuildConfiguration;
			buildSettings = {
				ASSETCATALOG_COMPILER_APPICON_NAME = AppIcon;
				ASSETCATALOG_COMPILER_GLOBAL_ACCENT_COLOR_NAME = AccentColor;
				CODE_SIGN_STYLE = Automatic;
				CURRENT_PROJECT_VERSION = 1;
				GENERATE_INFOPLIST_FILE = YES;
				INFOPLIST_FILE = AcronymsApp/Info.plist;
				INFOPLIST_KEY_UIApplicationSupportsIndirectInputEvents = YES;
				INFOPLIST_KEY_UILaunchStoryboardName = LaunchScreen;
				INFOPLIST_KEY_UIMainStoryboardFile = Main;
				INFOPLIST_KEY_UISupportedInterfaceOrientations = UIInterfaceOrientationPortrait;
				INFOPLIST_KEY_UISupportedInterfaceOrientations_iPad = "UIInterfaceOrientationLandscapeLeft UIInterfaceOrientationLandscapeRight UIInterfaceOrientationPortrait UIInterfaceOrientationPortraitUpsideDown";
				IPHONEOS_DEPLOYMENT_TARGET = 13.0;
				LD_RUNPATH_SEARCH_PATHS = (
					"$(inherited)",
					"@executable_path/Frameworks",
				);
				MARKETING_VERSION = 1.0;
				PRODUCT_BUNDLE_IDENTIFIER = com.apple.myapp.AcronymsApp;
				PRODUCT_NAME = "$(TARGET_NAME)";
				SUPPORTED_PLATFORMS = "iphoneos iphonesimulator";
				SUPPORTS_MACCATALYST = NO;
				SUPPORTS_MAC_DESIGNED_FOR_IPHONE_IPAD = NO;
				SWIFT_EMIT_LOC_STRINGS = YES;
				SWIFT_VERSION = 5.0;
				TARGETED_DEVICE_FAMILY = 1;
			};
			name = Debug;
		};
		C83494C029960E2E0089F343 /* Release */ = {
			isa = XCBuildConfiguration;
			buildSettings = {
				ASSETCATALOG_COMPILER_APPICON_NAME = AppIcon;
				ASSETCATALOG_COMPILER_GLOBAL_ACCENT_COLOR_NAME = AccentColor;
				CODE_SIGN_STYLE = Automatic;
				CURRENT_PROJECT_VERSION = 1;
				GENERATE_INFOPLIST_FILE = YES;
				INFOPLIST_FILE = AcronymsApp/Info.plist;
				INFOPLIST_KEY_UIApplicationSupportsIndirectInputEvents = YES;
				INFOPLIST_KEY_UILaunchStoryboardName = LaunchScreen;
				INFOPLIST_KEY_UIMainStoryboardFile = Main;
				INFOPLIST_KEY_UISupportedInterfaceOrientations = UIInterfaceOrientationPortrait;
				INFOPLIST_KEY_UISupportedInterfaceOrientations_iPad = "UIInterfaceOrientationLandscapeLeft UIInterfaceOrientationLandscapeRight UIInterfaceOrientationPortrait UIInterfaceOrientationPortraitUpsideDown";
				IPHONEOS_DEPLOYMENT_TARGET = 13.0;
				LD_RUNPATH_SEARCH_PATHS = (
					"$(inherited)",
					"@executable_path/Frameworks",
				);
				MARKETING_VERSION = 1.0;
				PRODUCT_BUNDLE_IDENTIFIER = com.apple.myapp.AcronymsApp;
				PRODUCT_NAME = "$(TARGET_NAME)";
				SUPPORTED_PLATFORMS = "iphoneos iphonesimulator";
				SUPPORTS_MACCATALYST = NO;
				SUPPORTS_MAC_DESIGNED_FOR_IPHONE_IPAD = NO;
				SWIFT_EMIT_LOC_STRINGS = YES;
				SWIFT_VERSION = 5.0;
				TARGETED_DEVICE_FAMILY = 1;
			};
			name = Release;
		};
		C83494C229960E2E0089F343 /* Debug */ = {
			isa = XCBuildConfiguration;
			buildSettings = {
				ALWAYS_EMBED_SWIFT_STANDARD_LIBRARIES = YES;
				BUNDLE_LOADER = "$(TEST_HOST)";
				CODE_SIGN_STYLE = Automatic;
				CURRENT_PROJECT_VERSION = 1;
				GENERATE_INFOPLIST_FILE = YES;
				IPHONEOS_DEPLOYMENT_TARGET = 16.0;
				MARKETING_VERSION = 1.0;
				PRODUCT_BUNDLE_IDENTIFIER = com.apple.myapp.AcronymsAppTests;
				PRODUCT_NAME = "$(TARGET_NAME)";
				SWIFT_EMIT_LOC_STRINGS = NO;
				SWIFT_VERSION = 5.0;
				TARGETED_DEVICE_FAMILY = "1,2";
				TEST_HOST = "$(BUILT_PRODUCTS_DIR)/AcronymsApp.app/$(BUNDLE_EXECUTABLE_FOLDER_PATH)/AcronymsApp";
			};
			name = Debug;
		};
		C83494C329960E2E0089F343 /* Release */ = {
			isa = XCBuildConfiguration;
			buildSettings = {
				ALWAYS_EMBED_SWIFT_STANDARD_LIBRARIES = YES;
				BUNDLE_LOADER = "$(TEST_HOST)";
				CODE_SIGN_STYLE = Automatic;
				CURRENT_PROJECT_VERSION = 1;
				GENERATE_INFOPLIST_FILE = YES;
				IPHONEOS_DEPLOYMENT_TARGET = 16.0;
				MARKETING_VERSION = 1.0;
				PRODUCT_BUNDLE_IDENTIFIER = com.apple.myapp.AcronymsAppTests;
				PRODUCT_NAME = "$(TARGET_NAME)";
				SWIFT_EMIT_LOC_STRINGS = NO;
				SWIFT_VERSION = 5.0;
				TARGETED_DEVICE_FAMILY = "1,2";
				TEST_HOST = "$(BUILT_PRODUCTS_DIR)/AcronymsApp.app/$(BUNDLE_EXECUTABLE_FOLDER_PATH)/AcronymsApp";
			};
			name = Release;
		};
/* End XCBuildConfiguration section */

/* Begin XCConfigurationList section */
		C834948F29960E2A0089F343 /* Build configuration list for PBXProject "AcronymsApp" */ = {
			isa = XCConfigurationList;
			buildConfigurations = (
				C83494BC29960E2E0089F343 /* Debug */,
				C83494BD29960E2E0089F343 /* Release */,
			);
			defaultConfigurationIsVisible = 0;
			defaultConfigurationName = Release;
		};
		C83494BE29960E2E0089F343 /* Build configuration list for PBXNativeTarget "AcronymsApp" */ = {
			isa = XCConfigurationList;
			buildConfigurations = (
				C83494BF29960E2E0089F343 /* Debug */,
				C83494C029960E2E0089F343 /* Release */,
			);
			defaultConfigurationIsVisible = 0;
			defaultConfigurationName = Release;
		};
		C83494C129960E2E0089F343 /* Build configuration list for PBXNativeTarget "AcronymsAppTests" */ = {
			isa = XCConfigurationList;
			buildConfigurations = (
				C83494C229960E2E0089F343 /* Debug */,
				C83494C329960E2E0089F343 /* Release */,
			);
			defaultConfigurationIsVisible = 0;
			defaultConfigurationName = Release;
		};
/* End XCConfigurationList section */
	};
	rootObject = C834948C29960E2A0089F343 /* Project object */;
}
